
Microsoft Visual Studio Solution File, Format Version 12.00
# Visual Studio Version 16
VisualStudioVersion = 16.0.31613.86
MinimumVisualStudioVersion = 10.0.40219.1
Project("{FAE04EC0-301F-11D3-BF4B-00C04F79EFBC}") = "SiteUtility", "SiteUtility\SiteUtility.csproj", "{9D372979-B93C-4937-920A-19D2D36DE21D}"
EndProject
Project("{FAE04EC0-301F-11D3-BF4B-00C04F79EFBC}") = "SiteUtilityTest", "SiteUtilityTest\SiteUtilityTest.csproj", "{E42AAF4C-78F8-45DD-9D96-4B0F7BAAE664}"
EndProject
Project("{FAE04EC0-301F-11D3-BF4B-00C04F79EFBC}") = "Release_1_1", "Release_1_1\Release_1_1.csproj", "{32A8CF59-354D-4865-AF44-53C7B9B83CE3}"
EndProject
Project("{FAE04EC0-301F-11D3-BF4B-00C04F79EFBC}") = "Release_1_2", "Release_1_2\Release_1_2.csproj", "{DDA47872-3FF5-4002-A5D8-8E0919BA6864}"
EndProject
Project("{FAE04EC0-301F-11D3-BF4B-00C04F79EFBC}") = "Release_1_3", "Release_1_3\Release_1_3.csproj", "{B06DAF49-163C-477A-AFCB-541B7E0DC04C}"
EndProject
Project("{FAE04EC0-301F-11D3-BF4B-00C04F79EFBC}") = "R_1_4_OptimalStart", "Release_1_4\R_1_4_OptimalStart.csproj", "{B6C257DE-DCE4-4E15-ADDC-6F941A7B2B5E}"
EndProject
Global
	GlobalSection(SolutionConfigurationPlatforms) = preSolution
		Debug|Any CPU = Debug|Any CPU
		Release|Any CPU = Release|Any CPU
	EndGlobalSection
	GlobalSection(ProjectConfigurationPlatforms) = postSolution
		{9D372979-B93C-4937-920A-19D2D36DE21D}.Debug|Any CPU.ActiveCfg = Debug|Any CPU
		{9D372979-B93C-4937-920A-19D2D36DE21D}.Debug|Any CPU.Build.0 = Debug|Any CPU
		{9D372979-B93C-4937-920A-19D2D36DE21D}.Release|Any CPU.ActiveCfg = Release|Any CPU
		{9D372979-B93C-4937-920A-19D2D36DE21D}.Release|Any CPU.Build.0 = Release|Any CPU
		{E42AAF4C-78F8-45DD-9D96-4B0F7BAAE664}.Debug|Any CPU.ActiveCfg = Debug|Any CPU
		{E42AAF4C-78F8-45DD-9D96-4B0F7BAAE664}.Debug|Any CPU.Build.0 = Debug|Any CPU
		{E42AAF4C-78F8-45DD-9D96-4B0F7BAAE664}.Release|Any CPU.ActiveCfg = Release|Any CPU
		{E42AAF4C-78F8-45DD-9D96-4B0F7BAAE664}.Release|Any CPU.Build.0 = Release|Any CPU
		{32A8CF59-354D-4865-AF44-53C7B9B83CE3}.Debug|Any CPU.ActiveCfg = Debug|Any CPU
		{32A8CF59-354D-4865-AF44-53C7B9B83CE3}.Debug|Any CPU.Build.0 = Debug|Any CPU
		{32A8CF59-354D-4865-AF44-53C7B9B83CE3}.Release|Any CPU.ActiveCfg = Release|Any CPU
		{32A8CF59-354D-4865-AF44-53C7B9B83CE3}.Release|Any CPU.Build.0 = Release|Any CPU
		{DDA47872-3FF5-4002-A5D8-8E0919BA6864}.Debug|Any CPU.ActiveCfg = Debug|Any CPU
		{DDA47872-3FF5-4002-A5D8-8E0919BA6864}.Debug|Any CPU.Build.0 = Debug|Any CPU
		{DDA47872-3FF5-4002-A5D8-8E0919BA6864}.Release|Any CPU.ActiveCfg = Release|Any CPU
		{DDA47872-3FF5-4002-A5D8-8E0919BA6864}.Release|Any CPU.Build.0 = Release|Any CPU
		{B06DAF49-163C-477A-AFCB-541B7E0DC04C}.Debug|Any CPU.ActiveCfg = Debug|Any CPU
		{B06DAF49-163C-477A-AFCB-541B7E0DC04C}.Debug|Any CPU.Build.0 = Debug|Any CPU
		{B06DAF49-163C-477A-AFCB-541B7E0DC04C}.Release|Any CPU.ActiveCfg = Release|Any CPU
		{B06DAF49-163C-477A-AFCB-541B7E0DC04C}.Release|Any CPU.Build.0 = Release|Any CPU
		{B6C257DE-DCE4-4E15-ADDC-6F941A7B2B5E}.Debug|Any CPU.ActiveCfg = Debug|Any CPU
		{B6C257DE-DCE4-4E15-ADDC-6F941A7B2B5E}.Debug|Any CPU.Build.0 = Debug|Any CPU
		{B6C257DE-DCE4-4E15-ADDC-6F941A7B2B5E}.Release|Any CPU.ActiveCfg = Release|Any CPU
		{B6C257DE-DCE4-4E15-ADDC-6F941A7B2B5E}.Release|Any CPU.Build.0 = Release|Any CPU
	EndGlobalSection
	GlobalSection(SolutionProperties) = preSolution
		HideSolutionNode = FALSE
	EndGlobalSection
	GlobalSection(ExtensibilityGlobals) = postSolution
		SolutionGuid = {31813A0A-12DA-4840-B68C-846C9614C493}
	EndGlobalSection
	GlobalSection(TeamFoundationVersionControl) = preSolution
		SccNumberOfProjects = 7
		SccEnterpriseProvider = {4CA58AB2-18FA-4F8D-95D4-32DDF27D184C}
		SccTeamFoundationServer = http://or-tfs-svr-01:8080/tfs/defaultcollection
		SccLocalPath0 = .
		SccProjectUniqueName1 = SiteUtility\\SiteUtility.csproj
		SccProjectName1 = SiteUtility
		SccLocalPath1 = SiteUtility
		SccProjectUniqueName2 = SiteUtilityTest\\SiteUtilityTest.csproj
		SccProjectName2 = SiteUtilityTest
		SccLocalPath2 = SiteUtilityTest
		SccProjectUniqueName3 = Release_1_1\\Release_1_1.csproj
		SccProjectName3 = Release_1_1
		SccLocalPath3 = Release_1_1
		SccProjectUniqueName4 = Release_1_2\\Release_1_2.csproj
		SccProjectName4 = Release_1_2
		SccLocalPath4 = Release_1_2
		SccProjectUniqueName5 = Release_1_3\\Release_1_3.csproj
		SccProjectName5 = Release_1_3
		SccLocalPath5 = Release_1_3
		SccProjectUniqueName6 = Release_1_4\\R_1_4_OptimalStart.csproj
		SccProjectName6 = Release_1_4
		SccLocalPath6 = Release_1_4
	EndGlobalSection
EndGlobal
